
Microsoft Visual Studio Solution File, Format Version 12.00
# Visual Studio Version 16
VisualStudioVersion = 16.0.30002.166
MinimumVisualStudioVersion = 10.0.40219.1
Project("{888888A0-9F3D-457C-B088-3A5042F75D52}") = "laba_3_1_task_3_python", "laba_3_1_task_3_python\laba_3_1_task_3_python.pyproj", "{A313F488-8EA1-4A66-BF46-A4CAB1BEC39E}"
EndProject
Global
	GlobalSection(SolutionConfigurationPlatforms) = preSolution
		Debug|Any CPU = Debug|Any CPU
		Release|Any CPU = Release|Any CPU
	EndGlobalSection
	GlobalSection(ProjectConfigurationPlatforms) = postSolution
		{A313F488-8EA1-4A66-BF46-A4CAB1BEC39E}.Debug|Any CPU.ActiveCfg = Debug|Any CPU
		{A313F488-8EA1-4A66-BF46-A4CAB1BEC39E}.Release|Any CPU.ActiveCfg = Release|Any CPU
	EndGlobalSection
	GlobalSection(SolutionProperties) = preSolution
		HideSolutionNode = FALSE
	EndGlobalSection
	GlobalSection(ExtensibilityGlobals) = postSolution
		SolutionGuid = {E1182CCD-9B05-4211-9A0E-7328852982EF}
	EndGlobalSection
EndGlobal
