
Microsoft Visual Studio Solution File, Format Version 12.00
# Visual Studio Version 16
VisualStudioVersion = 16.0.30002.166
MinimumVisualStudioVersion = 10.0.40219.1
Project("{888888A0-9F3D-457C-B088-3A5042F75D52}") = "laba_3_1_task_5_python", "laba_3_1_task_5_python\laba_3_1_task_5_python.pyproj", "{B3C87EE9-F0F0-4AE7-BF46-4825FF74EA29}"
EndProject
Global
	GlobalSection(SolutionConfigurationPlatforms) = preSolution
		Debug|Any CPU = Debug|Any CPU
		Release|Any CPU = Release|Any CPU
	EndGlobalSection
	GlobalSection(ProjectConfigurationPlatforms) = postSolution
		{B3C87EE9-F0F0-4AE7-BF46-4825FF74EA29}.Debug|Any CPU.ActiveCfg = Debug|Any CPU
		{B3C87EE9-F0F0-4AE7-BF46-4825FF74EA29}.Release|Any CPU.ActiveCfg = Release|Any CPU
	EndGlobalSection
	GlobalSection(SolutionProperties) = preSolution
		HideSolutionNode = FALSE
	EndGlobalSection
	GlobalSection(ExtensibilityGlobals) = postSolution
		SolutionGuid = {95581AD4-62C3-49EB-84E2-21109277604A}
	EndGlobalSection
EndGlobal
