
Microsoft Visual Studio Solution File, Format Version 12.00
# Visual Studio Version 16
VisualStudioVersion = 16.0.30002.166
MinimumVisualStudioVersion = 10.0.40219.1
Project("{8BC9CEB8-8B4A-11D0-8D11-00A0C91BC942}") = "laba_3_1_task_3", "laba_3_1_task_3\laba_3_1_task_3.vcxproj", "{1A37DACC-070F-47D3-ACB5-519849755FF1}"
EndProject
Global
	GlobalSection(SolutionConfigurationPlatforms) = preSolution
		Debug|x64 = Debug|x64
		Debug|x86 = Debug|x86
		Release|x64 = Release|x64
		Release|x86 = Release|x86
	EndGlobalSection
	GlobalSection(ProjectConfigurationPlatforms) = postSolution
		{1A37DACC-070F-47D3-ACB5-519849755FF1}.Debug|x64.ActiveCfg = Debug|x64
		{1A37DACC-070F-47D3-ACB5-519849755FF1}.Debug|x64.Build.0 = Debug|x64
		{1A37DACC-070F-47D3-ACB5-519849755FF1}.Debug|x86.ActiveCfg = Debug|Win32
		{1A37DACC-070F-47D3-ACB5-519849755FF1}.Debug|x86.Build.0 = Debug|Win32
		{1A37DACC-070F-47D3-ACB5-519849755FF1}.Release|x64.ActiveCfg = Release|x64
		{1A37DACC-070F-47D3-ACB5-519849755FF1}.Release|x64.Build.0 = Release|x64
		{1A37DACC-070F-47D3-ACB5-519849755FF1}.Release|x86.ActiveCfg = Release|Win32
		{1A37DACC-070F-47D3-ACB5-519849755FF1}.Release|x86.Build.0 = Release|Win32
	EndGlobalSection
	GlobalSection(SolutionProperties) = preSolution
		HideSolutionNode = FALSE
	EndGlobalSection
	GlobalSection(ExtensibilityGlobals) = postSolution
		SolutionGuid = {E7D740EF-FFFF-4533-8057-169D0E5EB505}
	EndGlobalSection
EndGlobal
